
Microsoft Visual Studio Solution File, Format Version 12.00
# Visual Studio Version 16
VisualStudioVersion = 16.0.30907.101
MinimumVisualStudioVersion = 10.0.40219.1
Project("{FAE04EC0-301F-11D3-BF4B-00C04F79EFBC}") = "Project1", "Project1\Project1.csproj", "{E6FA073E-3381-446D-AD5A-9E3711AF72E6}"
EndProject
Project("{FAE04EC0-301F-11D3-BF4B-00C04F79EFBC}") = "Project2", "Project2\Project2.csproj", "{DBFB0782-7CED-4BBA-917A-04F888B54352}"
EndProject
Project("{FAE04EC0-301F-11D3-BF4B-00C04F79EFBC}") = "Project3", "Project3\Project3.csproj", "{5435BAB1-5F26-4E47-A61A-12437425E6B7}"
EndProject
Project("{FAE04EC0-301F-11D3-BF4B-00C04F79EFBC}") = "Project4", "Project4\Project4.csproj", "{6B6B858C-403C-4C01-A8FD-DF33BBB7692D}"
EndProject
Project("{FAE04EC0-301F-11D3-BF4B-00C04F79EFBC}") = "Project5", "Project5\Project5.csproj", "{2D71DE6F-4407-46BD-B25C-1086FFDE9C95}"
EndProject
Global
	GlobalSection(SolutionConfigurationPlatforms) = preSolution
		Debug|Any CPU = Debug|Any CPU
		Release|Any CPU = Release|Any CPU
	EndGlobalSection
	GlobalSection(ProjectConfigurationPlatforms) = postSolution
		{E6FA073E-3381-446D-AD5A-9E3711AF72E6}.Debug|Any CPU.ActiveCfg = Debug|Any CPU
		{E6FA073E-3381-446D-AD5A-9E3711AF72E6}.Debug|Any CPU.Build.0 = Debug|Any CPU
		{E6FA073E-3381-446D-AD5A-9E3711AF72E6}.Release|Any CPU.ActiveCfg = Release|Any CPU
		{E6FA073E-3381-446D-AD5A-9E3711AF72E6}.Release|Any CPU.Build.0 = Release|Any CPU
		{DBFB0782-7CED-4BBA-917A-04F888B54352}.Debug|Any CPU.ActiveCfg = Debug|Any CPU
		{DBFB0782-7CED-4BBA-917A-04F888B54352}.Debug|Any CPU.Build.0 = Debug|Any CPU
		{DBFB0782-7CED-4BBA-917A-04F888B54352}.Release|Any CPU.ActiveCfg = Release|Any CPU
		{DBFB0782-7CED-4BBA-917A-04F888B54352}.Release|Any CPU.Build.0 = Release|Any CPU
		{5435BAB1-5F26-4E47-A61A-12437425E6B7}.Debug|Any CPU.ActiveCfg = Debug|Any CPU
		{5435BAB1-5F26-4E47-A61A-12437425E6B7}.Debug|Any CPU.Build.0 = Debug|Any CPU
		{5435BAB1-5F26-4E47-A61A-12437425E6B7}.Release|Any CPU.ActiveCfg = Release|Any CPU
		{5435BAB1-5F26-4E47-A61A-12437425E6B7}.Release|Any CPU.Build.0 = Release|Any CPU
		{6B6B858C-403C-4C01-A8FD-DF33BBB7692D}.Debug|Any CPU.ActiveCfg = Debug|Any CPU
		{6B6B858C-403C-4C01-A8FD-DF33BBB7692D}.Debug|Any CPU.Build.0 = Debug|Any CPU
		{6B6B858C-403C-4C01-A8FD-DF33BBB7692D}.Release|Any CPU.ActiveCfg = Release|Any CPU
		{6B6B858C-403C-4C01-A8FD-DF33BBB7692D}.Release|Any CPU.Build.0 = Release|Any CPU
		{2D71DE6F-4407-46BD-B25C-1086FFDE9C95}.Debug|Any CPU.ActiveCfg = Debug|Any CPU
		{2D71DE6F-4407-46BD-B25C-1086FFDE9C95}.Debug|Any CPU.Build.0 = Debug|Any CPU
		{2D71DE6F-4407-46BD-B25C-1086FFDE9C95}.Release|Any CPU.ActiveCfg = Release|Any CPU
		{2D71DE6F-4407-46BD-B25C-1086FFDE9C95}.Release|Any CPU.Build.0 = Release|Any CPU
	EndGlobalSection
	GlobalSection(SolutionProperties) = preSolution
		HideSolutionNode = FALSE
	EndGlobalSection
	GlobalSection(ExtensibilityGlobals) = postSolution
		SolutionGuid = {0935E585-A86C-4A1D-9A78-A0D04C45DF99}
	EndGlobalSection
EndGlobal
